
Microsoft Visual Studio Solution File, Format Version 12.00
# Visual Studio Version 17
VisualStudioVersion = 17.9.34728.123
MinimumVisualStudioVersion = 10.0.40219.1
Project("{9A19103F-16F7-4668-BE54-9A1E7A4F7556}") = "BookShopWeb", "BookShopWeb\BookShopWeb.csproj", "{4DFD69E9-117F-4A75-A3B5-34072DACEF32}"
EndProject
Project("{9A19103F-16F7-4668-BE54-9A1E7A4F7556}") = "BookShopRazorWeb", "BookShopRazorWeb\BookShopRazorWeb.csproj", "{B0E3F15D-9E65-4F00-B37E-788CC7EBC674}"
EndProject
Project("{9A19103F-16F7-4668-BE54-9A1E7A4F7556}") = "BookShop.DataAccess", "BookShop.DataAccess\BookShop.DataAccess.csproj", "{BF751CE9-63E5-4B38-9911-6FC3EDF4C2F3}"
EndProject
Project("{9A19103F-16F7-4668-BE54-9A1E7A4F7556}") = "BookShop.Models", "BookShop.Models\BookShop.Models.csproj", "{459F0101-F696-4086-A307-490A5537B52E}"
EndProject
Project("{9A19103F-16F7-4668-BE54-9A1E7A4F7556}") = "BookShop.Utility", "BookShop.Utility\BookShop.Utility.csproj", "{5B216E54-D4C5-4A35-A458-5CFE344D6E31}"
EndProject
Global
	GlobalSection(SolutionConfigurationPlatforms) = preSolution
		Debug|Any CPU = Debug|Any CPU
		Release|Any CPU = Release|Any CPU
	EndGlobalSection
	GlobalSection(ProjectConfigurationPlatforms) = postSolution
		{4DFD69E9-117F-4A75-A3B5-34072DACEF32}.Debug|Any CPU.ActiveCfg = Debug|Any CPU
		{4DFD69E9-117F-4A75-A3B5-34072DACEF32}.Debug|Any CPU.Build.0 = Debug|Any CPU
		{4DFD69E9-117F-4A75-A3B5-34072DACEF32}.Release|Any CPU.ActiveCfg = Release|Any CPU
		{4DFD69E9-117F-4A75-A3B5-34072DACEF32}.Release|Any CPU.Build.0 = Release|Any CPU
		{B0E3F15D-9E65-4F00-B37E-788CC7EBC674}.Debug|Any CPU.ActiveCfg = Debug|Any CPU
		{B0E3F15D-9E65-4F00-B37E-788CC7EBC674}.Debug|Any CPU.Build.0 = Debug|Any CPU
		{B0E3F15D-9E65-4F00-B37E-788CC7EBC674}.Release|Any CPU.ActiveCfg = Release|Any CPU
		{B0E3F15D-9E65-4F00-B37E-788CC7EBC674}.Release|Any CPU.Build.0 = Release|Any CPU
		{BF751CE9-63E5-4B38-9911-6FC3EDF4C2F3}.Debug|Any CPU.ActiveCfg = Debug|Any CPU
		{BF751CE9-63E5-4B38-9911-6FC3EDF4C2F3}.Debug|Any CPU.Build.0 = Debug|Any CPU
		{BF751CE9-63E5-4B38-9911-6FC3EDF4C2F3}.Release|Any CPU.ActiveCfg = Release|Any CPU
		{BF751CE9-63E5-4B38-9911-6FC3EDF4C2F3}.Release|Any CPU.Build.0 = Release|Any CPU
		{459F0101-F696-4086-A307-490A5537B52E}.Debug|Any CPU.ActiveCfg = Debug|Any CPU
		{459F0101-F696-4086-A307-490A5537B52E}.Debug|Any CPU.Build.0 = Debug|Any CPU
		{459F0101-F696-4086-A307-490A5537B52E}.Release|Any CPU.ActiveCfg = Release|Any CPU
		{459F0101-F696-4086-A307-490A5537B52E}.Release|Any CPU.Build.0 = Release|Any CPU
		{5B216E54-D4C5-4A35-A458-5CFE344D6E31}.Debug|Any CPU.ActiveCfg = Debug|Any CPU
		{5B216E54-D4C5-4A35-A458-5CFE344D6E31}.Debug|Any CPU.Build.0 = Debug|Any CPU
		{5B216E54-D4C5-4A35-A458-5CFE344D6E31}.Release|Any CPU.ActiveCfg = Release|Any CPU
		{5B216E54-D4C5-4A35-A458-5CFE344D6E31}.Release|Any CPU.Build.0 = Release|Any CPU
	EndGlobalSection
	GlobalSection(SolutionProperties) = preSolution
		HideSolutionNode = FALSE
	EndGlobalSection
	GlobalSection(ExtensibilityGlobals) = postSolution
		SolutionGuid = {82E3ABB8-1C47-475F-A085-5BC93C95F2F4}
	EndGlobalSection
EndGlobal
